{
  "name": "uglify-js-compile-case",
  "version": "1.0.0",
  "lockfileVersion": 1,
  "requires": true,
  "dependencies": {
    "commander": {
      "version": "2.20.3",
      "resolved": "http://r.npm.sankuai.com/commander/download/commander-2.20.3.tgz",
      "integrity": "sha1-/UhehMA+tIgcIHIrpIA16FMa6zM="
    },
    "prettier": {
      "version": "1.18.2",
      "resolved": "http://r.npm.sankuai.com/prettier/download/prettier-1.18.2.tgz",
      "integrity": "sha1-aCPnxZAAF7S9Os9G/prEtNe9qeo="
    },
    "source-map": {
      "version": "0.6.1",
      "resolved": "http://r.npm.sankuai.com/source-map/download/source-map-0.6.1.tgz",
      "integrity": "sha1-dHIq8y6WFOnCh6jQu95IteLxomM="
    },
    "uglify-js": {
      "version": "3.6.5",
      "resolved": "http://r.npm.sankuai.com/uglify-js/download/uglify-js-3.6.5.tgz",
      "integrity": "sha1-sO55bSrn4lZy4E9lYpuZfNSzC9Y=",
      "requires": {
        "commander": "2.20.3",
        "source-map": "0.6.1"
      }
    }
  }
}
